{
    "_readme": [
        "This file locks the dependencies of your project to a known state",
        "Read more about it at http://getcomposer.org/doc/01-basic-usage.md#composer-lock-the-lock-file"
    ],
    "hash": "d491a6ddcf16f0903307963b930f1082",
    "packages": [
        {
            "name": "composer/installers",
            "version": "dev-master",
            "source": {
                "type": "git",
                "url": "https://github.com/composer/installers.git",
                "reference": "48a6227dfac4e51233a2fae5d5085db9655209f0"
            },
            "dist": {
                "type": "zip",
                "url": "https://api.github.com/repos/composer/installers/zipball/48a6227dfac4e51233a2fae5d5085db9655209f0",
                "reference": "48a6227dfac4e51233a2fae5d5085db9655209f0",
                "shasum": ""
            },
            "replace": {
                "shama/baton": "*"
            },
            "require-dev": {
                "composer/composer": "1.0.*@dev",
                "phpunit/phpunit": "3.7.*"
            },
            "type": "composer-installer",
            "extra": {
                "class": "Composer\\Installers\\Installer",
                "branch-alias": {
                    "dev-master": "1.0-dev"
                }
            },
            "autoload": {
                "psr-0": {
                    "Composer\\Installers\\": "src/"
                }
            },
            "notification-url": "https://packagist.org/downloads/",
            "license": [
                "MIT"
            ],
            "authors": [
                {
                    "name": "Kyle Robinson Young",
                    "email": "kyle@dontkry.com",
                    "homepage": "https://github.com/shama",
                    "role": "Developer"
                }
            ],
            "description": "A multi-framework Composer library installer",
            "homepage": "http://composer.github.com/installers/",
            "keywords": [
                "TYPO3 Flow",
                "TYPO3 Neos",
                "agl",
                "cakephp",
                "codeigniter",
                "drupal",
                "fuelphp",
                "installer",
                "joomla",
                "kohana",
                "laravel",
                "li3",
                "lithium",
                "mako",
                "phpbb",
                "ppi",
                "silverstripe",
                "symfony",
                "wordpress",
                "zend"
            ],
            "time": "2013-05-07 19:50:30"
        },
        {
            "name": "facebook/php-sdk",
            "version": "dev-master",
            "source": {
                "type": "git",
                "url": "https://github.com/facebook/facebook-php-sdk.git",
                "reference": "v3.2.2"
            },
            "dist": {
                "type": "zip",
                "url": "https://api.github.com/repos/facebook/facebook-php-sdk/zipball/v3.2.2",
                "reference": "v3.2.2",
                "shasum": ""
            },
            "require": {
                "ext-curl": "*",
                "ext-json": "*",
                "php": ">=5.2.0"
            },
            "type": "library",
            "autoload": {
                "classmap": [
                    "src"
                ]
            },
            "notification-url": "https://packagist.org/downloads/",
            "license": [
                "Apache2"
            ],
            "authors": [
                {
                    "name": "Facebook",
                    "homepage": "https://github.com/facebook/facebook-php-sdk/contributors"
                }
            ],
            "description": "Facebook PHP SDK",
            "homepage": "https://github.com/facebook/facebook-php-sdk",
            "keywords": [
                "facebook",
                "sdk"
            ],
            "time": "2013-01-15 21:37:15"
        },
        {
            "name": "nod.st/client_redirect",
            "version": "dev-master",
            "source": {
                "type": "git",
                "url": "https://github.com/JacopKane/Cake-ClientRedirect.git",
                "reference": "cf1b3d04c839cb3d0725c5d70c687d5dac0c651b"
            },
            "dist": {
                "type": "zip",
                "url": "https://api.github.com/repos/JacopKane/Cake-ClientRedirect/zipball/cf1b3d04c839cb3d0725c5d70c687d5dac0c651b",
                "reference": "cf1b3d04c839cb3d0725c5d70c687d5dac0c651b",
                "shasum": ""
            },
            "require": {
                "composer/installers": "*",
                "php": ">=5.2.0"
            },
            "type": "cakephp-plugin",
            "authors": [
                {
                    "name": "Furkan Tunalı",
                    "homepage": "http://www.furkantunali.com",
                    "role": "Author"
                },
                {
                    "name": "NOD Studios",
                    "homepage": "http://nod.st"
                }
            ],
            "description": "CakePHP Client Redirect",
            "keywords": [
                "cakephp",
                "helper",
                "javascript",
                "redirect"
            ],
            "support": {
                "source": "https://github.com/JacopKane/Cake-ClientRedirect/tree/master",
                "issues": "https://github.com/JacopKane/Cake-ClientRedirect/issues"
            },
            "time": "2013-04-30 16:31:31"
        },
        {
            "name": "nod.st/controllers_list",
            "version": "dev-master",
            "source": {
                "type": "git",
                "url": "https://github.com/JacopKane/Cake-ControllersList.git",
                "reference": "85ac1dfbb384ff6c9e1568310594935f5668d7ba"
            },
            "dist": {
                "type": "zip",
                "url": "https://api.github.com/repos/JacopKane/Cake-ControllersList/zipball/85ac1dfbb384ff6c9e1568310594935f5668d7ba",
                "reference": "85ac1dfbb384ff6c9e1568310594935f5668d7ba",
                "shasum": ""
            },
            "require": {
                "composer/installers": "*",
                "php": ">=5.3.0"
            },
            "type": "cakephp-plugin",
            "authors": [
                {
                    "name": "Furkan Tunalı",
                    "homepage": "http://www.furkantunali.com",
                    "role": "Author"
                },
                {
                    "name": "NOD Studios",
                    "homepage": "http://nod.st"
                }
            ],
            "description": "CakePHP Controllers List",
            "keywords": [
                "cakephp",
                "component",
                "controller",
                "list"
            ],
            "support": {
                "source": "https://github.com/JacopKane/Cake-ControllersList/tree/master",
                "issues": "https://github.com/JacopKane/Cake-ControllersList/issues"
            },
            "time": "2013-04-30 15:43:51"
        },
        {
            "name": "rhym/cake_strap",
            "version": "dev-master",
            "dist": {
                "type": "zip",
                "url": "https://github.com/Rhym/cakeStrap/archive/master.zip",
                "reference": null,
                "shasum": null
            },
            "type": "cakephp-plugin",
            "extra": {
                "installer-paths": {
                    "Plugin/Nod/Plugin/{$name}/": [
                        "rhym/cake_strap",
                        "vendor/package"
                    ]
                }
            }
        }
    ],
    "packages-dev": [

    ],
    "aliases": [

    ],
    "minimum-stability": "dev",
    "stability-flags": {
        "rhym/cake_strap": 20
    },
    "platform": {
        "php": ">=5.3.3"
    },
    "platform-dev": [

    ]
}
